
Microsoft Visual Studio Solution File, Format Version 12.00
# Visual Studio Version 16
VisualStudioVersion = 16.0.29326.143
MinimumVisualStudioVersion = 10.0.40219.1
Project("{9A19103F-16F7-4668-BE54-9A1E7A4F7556}") = "WpfApp1", "WpfApp1\WpfApp1.csproj", "{528B1F2F-E514-4AF6-AAA7-5EC34070ED9D}"
EndProject
Project("{2150E333-8FDC-42A3-9474-1A3956D46DE8}") = "Tests", "Tests", "{AF8F22BF-0CFB-4BC1-BC3D-A80AE3279DEE}"
EndProject
Project("{9A19103F-16F7-4668-BE54-9A1E7A4F7556}") = "TestProfils", "TestProfils\TestProfils.csproj", "{A6DABF0B-229E-44B4-8155-3260CC0B6809}"
EndProject
Project("{9A19103F-16F7-4668-BE54-9A1E7A4F7556}") = "TestBoiteDeJeu", "TestBoiteDeJeu\TestBoiteDeJeu.csproj", "{A0057D0A-82FE-4A29-91EB-F8C3815202F5}"
EndProject
Project("{9A19103F-16F7-4668-BE54-9A1E7A4F7556}") = "TestUtilisateur", "TestUtilisateur\TestUtilisateur.csproj", "{27362F93-7CB5-48AD-BDF9-6EC15F2EEFED}"
EndProject
Project("{9A19103F-16F7-4668-BE54-9A1E7A4F7556}") = "TestStockageApp", "TestStockageApp\TestStockageApp.csproj", "{D575B7EF-6200-4E9F-B29D-2C9A734BD393}"
EndProject
Project("{9A19103F-16F7-4668-BE54-9A1E7A4F7556}") = "Data", "Data\Data.csproj", "{42218B5C-2BB1-4856-9EF5-13C49479DF27}"
EndProject
Project("{9A19103F-16F7-4668-BE54-9A1E7A4F7556}") = "ClassesApp", "ClassesApp\ClassesApp.csproj", "{E6D60DF8-CC1A-4329-AD4A-4CC88988541D}"
EndProject
Global
	GlobalSection(SolutionConfigurationPlatforms) = preSolution
		Debug|Any CPU = Debug|Any CPU
		Release|Any CPU = Release|Any CPU
	EndGlobalSection
	GlobalSection(ProjectConfigurationPlatforms) = postSolution
		{528B1F2F-E514-4AF6-AAA7-5EC34070ED9D}.Debug|Any CPU.ActiveCfg = Debug|Any CPU
		{528B1F2F-E514-4AF6-AAA7-5EC34070ED9D}.Debug|Any CPU.Build.0 = Debug|Any CPU
		{528B1F2F-E514-4AF6-AAA7-5EC34070ED9D}.Release|Any CPU.ActiveCfg = Release|Any CPU
		{528B1F2F-E514-4AF6-AAA7-5EC34070ED9D}.Release|Any CPU.Build.0 = Release|Any CPU
		{A6DABF0B-229E-44B4-8155-3260CC0B6809}.Debug|Any CPU.ActiveCfg = Debug|Any CPU
		{A6DABF0B-229E-44B4-8155-3260CC0B6809}.Debug|Any CPU.Build.0 = Debug|Any CPU
		{A6DABF0B-229E-44B4-8155-3260CC0B6809}.Release|Any CPU.ActiveCfg = Release|Any CPU
		{A6DABF0B-229E-44B4-8155-3260CC0B6809}.Release|Any CPU.Build.0 = Release|Any CPU
		{A0057D0A-82FE-4A29-91EB-F8C3815202F5}.Debug|Any CPU.ActiveCfg = Debug|Any CPU
		{A0057D0A-82FE-4A29-91EB-F8C3815202F5}.Debug|Any CPU.Build.0 = Debug|Any CPU
		{A0057D0A-82FE-4A29-91EB-F8C3815202F5}.Release|Any CPU.ActiveCfg = Release|Any CPU
		{A0057D0A-82FE-4A29-91EB-F8C3815202F5}.Release|Any CPU.Build.0 = Release|Any CPU
		{27362F93-7CB5-48AD-BDF9-6EC15F2EEFED}.Debug|Any CPU.ActiveCfg = Debug|Any CPU
		{27362F93-7CB5-48AD-BDF9-6EC15F2EEFED}.Debug|Any CPU.Build.0 = Debug|Any CPU
		{27362F93-7CB5-48AD-BDF9-6EC15F2EEFED}.Release|Any CPU.ActiveCfg = Release|Any CPU
		{27362F93-7CB5-48AD-BDF9-6EC15F2EEFED}.Release|Any CPU.Build.0 = Release|Any CPU
		{D575B7EF-6200-4E9F-B29D-2C9A734BD393}.Debug|Any CPU.ActiveCfg = Debug|Any CPU
		{D575B7EF-6200-4E9F-B29D-2C9A734BD393}.Debug|Any CPU.Build.0 = Debug|Any CPU
		{D575B7EF-6200-4E9F-B29D-2C9A734BD393}.Release|Any CPU.ActiveCfg = Release|Any CPU
		{D575B7EF-6200-4E9F-B29D-2C9A734BD393}.Release|Any CPU.Build.0 = Release|Any CPU
		{42218B5C-2BB1-4856-9EF5-13C49479DF27}.Debug|Any CPU.ActiveCfg = Debug|Any CPU
		{42218B5C-2BB1-4856-9EF5-13C49479DF27}.Debug|Any CPU.Build.0 = Debug|Any CPU
		{42218B5C-2BB1-4856-9EF5-13C49479DF27}.Release|Any CPU.ActiveCfg = Release|Any CPU
		{42218B5C-2BB1-4856-9EF5-13C49479DF27}.Release|Any CPU.Build.0 = Release|Any CPU
		{E6D60DF8-CC1A-4329-AD4A-4CC88988541D}.Debug|Any CPU.ActiveCfg = Debug|Any CPU
		{E6D60DF8-CC1A-4329-AD4A-4CC88988541D}.Debug|Any CPU.Build.0 = Debug|Any CPU
		{E6D60DF8-CC1A-4329-AD4A-4CC88988541D}.Release|Any CPU.ActiveCfg = Release|Any CPU
		{E6D60DF8-CC1A-4329-AD4A-4CC88988541D}.Release|Any CPU.Build.0 = Release|Any CPU
	EndGlobalSection
	GlobalSection(SolutionProperties) = preSolution
		HideSolutionNode = FALSE
	EndGlobalSection
	GlobalSection(NestedProjects) = preSolution
		{A6DABF0B-229E-44B4-8155-3260CC0B6809} = {AF8F22BF-0CFB-4BC1-BC3D-A80AE3279DEE}
		{A0057D0A-82FE-4A29-91EB-F8C3815202F5} = {AF8F22BF-0CFB-4BC1-BC3D-A80AE3279DEE}
		{27362F93-7CB5-48AD-BDF9-6EC15F2EEFED} = {AF8F22BF-0CFB-4BC1-BC3D-A80AE3279DEE}
		{D575B7EF-6200-4E9F-B29D-2C9A734BD393} = {AF8F22BF-0CFB-4BC1-BC3D-A80AE3279DEE}
	EndGlobalSection
	GlobalSection(ExtensibilityGlobals) = postSolution
		SolutionGuid = {F537E167-81F1-4140-B3EB-6DEEEA4C1A44}
	EndGlobalSection
EndGlobal
