
Microsoft Visual Studio Solution File, Format Version 12.00
# Visual Studio Version 16
VisualStudioVersion = 16.0.29326.143
MinimumVisualStudioVersion = 10.0.40219.1
Project("{9A19103F-16F7-4668-BE54-9A1E7A4F7556}") = "WpfApp1", "WpfApp1\WpfApp1.csproj", "{528B1F2F-E514-4AF6-AAA7-5EC34070ED9D}"
EndProject
Project("{9A19103F-16F7-4668-BE54-9A1E7A4F7556}") = "ClassLibrary1", "ClassLibrary1\ClassLibrary1.csproj", "{5CCE70C0-6663-4FA4-BD71-474ED7DB5DCA}"
EndProject
Global
	GlobalSection(SolutionConfigurationPlatforms) = preSolution
		Debug|Any CPU = Debug|Any CPU
		Release|Any CPU = Release|Any CPU
	EndGlobalSection
	GlobalSection(ProjectConfigurationPlatforms) = postSolution
		{528B1F2F-E514-4AF6-AAA7-5EC34070ED9D}.Debug|Any CPU.ActiveCfg = Debug|Any CPU
		{528B1F2F-E514-4AF6-AAA7-5EC34070ED9D}.Debug|Any CPU.Build.0 = Debug|Any CPU
		{528B1F2F-E514-4AF6-AAA7-5EC34070ED9D}.Release|Any CPU.ActiveCfg = Release|Any CPU
		{528B1F2F-E514-4AF6-AAA7-5EC34070ED9D}.Release|Any CPU.Build.0 = Release|Any CPU
		{5CCE70C0-6663-4FA4-BD71-474ED7DB5DCA}.Debug|Any CPU.ActiveCfg = Debug|Any CPU
		{5CCE70C0-6663-4FA4-BD71-474ED7DB5DCA}.Debug|Any CPU.Build.0 = Debug|Any CPU
		{5CCE70C0-6663-4FA4-BD71-474ED7DB5DCA}.Release|Any CPU.ActiveCfg = Release|Any CPU
		{5CCE70C0-6663-4FA4-BD71-474ED7DB5DCA}.Release|Any CPU.Build.0 = Release|Any CPU
	EndGlobalSection
	GlobalSection(SolutionProperties) = preSolution
		HideSolutionNode = FALSE
	EndGlobalSection
	GlobalSection(ExtensibilityGlobals) = postSolution
		SolutionGuid = {F537E167-81F1-4140-B3EB-6DEEEA4C1A44}
	EndGlobalSection
EndGlobal
